
Microsoft Visual Studio Solution File, Format Version 12.00
# Visual Studio Version 16
VisualStudioVersion = 16.0.30104.148
MinimumVisualStudioVersion = 10.0.40219.1
Project("{FAE04EC0-301F-11D3-BF4B-00C04F79EFBC}") = "ConsoleApp1", "ConsoleApp1\ConsoleApp1.csproj", "{FCC79E03-DA86-4022-93BE-4743230FD58C}"
EndProject
Project("{2150E333-8FDC-42A3-9474-1A3956D46DE8}") = "src", "src", "{4B61EED4-10BA-48E5-AAA7-CA86850C8D61}"
EndProject
Project("{2150E333-8FDC-42A3-9474-1A3956D46DE8}") = "Test", "Test", "{A22C3117-8A02-4DD8-93D3-7D40522EEF41}"
EndProject
Project("{FAE04EC0-301F-11D3-BF4B-00C04F79EFBC}") = "XUnitTestProject1", "XUnitTestProject1\XUnitTestProject1.csproj", "{3A5ACCD5-EADA-4DD8-A17B-933BCFE11956}"
EndProject
Global
	GlobalSection(SolutionConfigurationPlatforms) = preSolution
		Debug|Any CPU = Debug|Any CPU
		Release|Any CPU = Release|Any CPU
	EndGlobalSection
	GlobalSection(ProjectConfigurationPlatforms) = postSolution
		{FCC79E03-DA86-4022-93BE-4743230FD58C}.Debug|Any CPU.ActiveCfg = Debug|Any CPU
		{FCC79E03-DA86-4022-93BE-4743230FD58C}.Debug|Any CPU.Build.0 = Debug|Any CPU
		{FCC79E03-DA86-4022-93BE-4743230FD58C}.Release|Any CPU.ActiveCfg = Release|Any CPU
		{FCC79E03-DA86-4022-93BE-4743230FD58C}.Release|Any CPU.Build.0 = Release|Any CPU
		{3A5ACCD5-EADA-4DD8-A17B-933BCFE11956}.Debug|Any CPU.ActiveCfg = Debug|Any CPU
		{3A5ACCD5-EADA-4DD8-A17B-933BCFE11956}.Debug|Any CPU.Build.0 = Debug|Any CPU
		{3A5ACCD5-EADA-4DD8-A17B-933BCFE11956}.Release|Any CPU.ActiveCfg = Release|Any CPU
		{3A5ACCD5-EADA-4DD8-A17B-933BCFE11956}.Release|Any CPU.Build.0 = Release|Any CPU
	EndGlobalSection
	GlobalSection(SolutionProperties) = preSolution
		HideSolutionNode = FALSE
	EndGlobalSection
	GlobalSection(NestedProjects) = preSolution
		{FCC79E03-DA86-4022-93BE-4743230FD58C} = {4B61EED4-10BA-48E5-AAA7-CA86850C8D61}
		{3A5ACCD5-EADA-4DD8-A17B-933BCFE11956} = {A22C3117-8A02-4DD8-93D3-7D40522EEF41}
	EndGlobalSection
	GlobalSection(ExtensibilityGlobals) = postSolution
		SolutionGuid = {9875C71F-39F9-45DC-8833-D8D022F1788B}
	EndGlobalSection
EndGlobal
